{
  "version": 4,
  "terraform_version": "1.3.7",
  "serial": 29,
  "lineage": "8c143067-ec52-4eb5-3a4a-8a26a0f22128",
  "outputs": {
    "bucket_name": {
      "value": "finance-development-state",
      "type": "string"
    },
    "bucket_service_account": {
      "value": "bucket@finance-development-375914.iam.gserviceaccount.com",
      "type": "string"
    }
  },
  "resources": [
    {
      "module": "module.finance",
      "mode": "managed",
      "type": "google_folder",
      "name": "default",
      "provider": "provider[\"registry.terraform.io/hashicorp/google\"]",
      "instances": [
        {
          "schema_version": 0,
          "attributes": {
            "create_time": "2023-01-26T14:07:39.027Z",
            "display_name": "finance",
            "folder_id": "962991063474",
            "id": "folders/962991063474",
            "lifecycle_state": "ACTIVE",
            "name": "folders/962991063474",
            "parent": "organizations/38836120782",
            "timeouts": {
              "create": null,
              "delete": null,
              "read": null,
              "update": null
            }
          },
          "sensitive_attributes": [],
          "private": "eyJlMmJmYjczMC1lY2FhLTExZTYtOGY4OC0zNDM2M2JjN2M0YzAiOnsiY3JlYXRlIjoyNDAwMDAwMDAwMDAsImRlbGV0ZSI6MjQwMDAwMDAwMDAwLCJyZWFkIjoyNDAwMDAwMDAwMDAsInVwZGF0ZSI6MjQwMDAwMDAwMDAwfSwic2NoZW1hX3ZlcnNpb24iOiIwIn0=",
          "dependencies": [
            "module.finance.module.workload_identity_federation.data.google_organization.org"
          ]
        }
      ]
    },
    {
      "module": "module.finance",
      "mode": "managed",
      "type": "google_project",
      "name": "default",
      "provider": "provider[\"registry.terraform.io/hashicorp/google\"]",
      "instances": [
        {
          "schema_version": 1,
          "attributes": {
            "auto_create_network": true,
            "billing_account": "01D0FC-03F662-69E484",
            "folder_id": "962991063474",
            "id": "projects/finance-development-375914",
            "labels": {},
            "name": "finance-development",
            "number": "575549444727",
            "org_id": "",
            "project_id": "finance-development-375914",
            "skip_delete": null,
            "timeouts": {
              "create": null,
              "delete": null,
              "read": null,
              "update": null
            }
          },
          "sensitive_attributes": [],
          "private": "eyJlMmJmYjczMC1lY2FhLTExZTYtOGY4OC0zNDM2M2JjN2M0YzAiOnsiY3JlYXRlIjo2MDAwMDAwMDAwMDAsImRlbGV0ZSI6NjAwMDAwMDAwMDAwLCJyZWFkIjo2MDAwMDAwMDAwMDAsInVwZGF0ZSI6NjAwMDAwMDAwMDAwfSwic2NoZW1hX3ZlcnNpb24iOiIxIn0=",
          "dependencies": [
            "module.finance.google_folder.default",
            "module.finance.module.workload_identity_federation.data.google_organization.org"
          ]
        }
      ]
    },
    {
      "module": "module.finance.module.state_bucket",
      "mode": "managed",
      "type": "google_service_account",
      "name": "bucket",
      "provider": "provider[\"registry.terraform.io/hashicorp/google\"]",
      "instances": [
        {
          "schema_version": 0,
          "attributes": {
            "account_id": "bucket",
            "description": "",
            "disabled": false,
            "display_name": "",
            "email": "bucket@finance-development-375914.iam.gserviceaccount.com",
            "id": "projects/finance-development-375914/serviceAccounts/bucket@finance-development-375914.iam.gserviceaccount.com",
            "member": "serviceAccount:bucket@finance-development-375914.iam.gserviceaccount.com",
            "name": "projects/finance-development-375914/serviceAccounts/bucket@finance-development-375914.iam.gserviceaccount.com",
            "project": "finance-development-375914",
            "timeouts": null,
            "unique_id": "110495677794434870690"
          },
          "sensitive_attributes": [],
          "private": "eyJlMmJmYjczMC1lY2FhLTExZTYtOGY4OC0zNDM2M2JjN2M0YzAiOnsiY3JlYXRlIjozMDAwMDAwMDAwMDB9fQ=="
        }
      ]
    },
    {
      "module": "module.finance.module.state_bucket",
      "mode": "managed",
      "type": "google_storage_bucket",
      "name": "state_bucket",
      "provider": "provider[\"registry.terraform.io/hashicorp/google\"]",
      "instances": [
        {
          "schema_version": 0,
          "attributes": {
            "autoclass": [],
            "cors": [],
            "custom_placement_config": [],
            "default_event_based_hold": false,
            "encryption": [],
            "force_destroy": false,
            "id": "finance-development-state",
            "labels": {},
            "lifecycle_rule": [],
            "location": "EU",
            "logging": [],
            "name": "finance-development-state",
            "project": "finance-development-375914",
            "public_access_prevention": "inherited",
            "requester_pays": false,
            "retention_policy": [],
            "self_link": "https://www.googleapis.com/storage/v1/b/finance-development-state",
            "storage_class": "STANDARD",
            "timeouts": null,
            "uniform_bucket_level_access": true,
            "url": "gs://finance-development-state",
            "versioning": [
              {
                "enabled": true
              }
            ],
            "website": []
          },
          "sensitive_attributes": [],
          "private": "eyJlMmJmYjczMC1lY2FhLTExZTYtOGY4OC0zNDM2M2JjN2M0YzAiOnsiY3JlYXRlIjoyNDAwMDAwMDAwMDAsInJlYWQiOjI0MDAwMDAwMDAwMCwidXBkYXRlIjoyNDAwMDAwMDAwMDB9fQ=="
        }
      ]
    },
    {
      "module": "module.finance.module.state_bucket.module.project_iam_bindings",
      "mode": "managed",
      "type": "google_project_iam_binding",
      "name": "project_iam_authoritative",
      "provider": "provider[\"registry.terraform.io/hashicorp/google\"]",
      "instances": [
        {
          "index_key": "default--roles/storage.admin",
          "schema_version": 0,
          "attributes": {
            "condition": [],
            "etag": "BwX0fYFrN6E=",
            "id": "finance-development-375914/roles/storage.admin",
            "members": [
              "serviceAccount:bucket@finance-development-375914.iam.gserviceaccount.com"
            ],
            "project": "finance-development-375914",
            "role": "roles/storage.admin"
          },
          "sensitive_attributes": [],
          "private": "bnVsbA==",
          "dependencies": [
            "module.finance.module.state_bucket.google_service_account.bucket"
          ]
        },
        {
          "index_key": "default--roles/storage.objectAdmin",
          "schema_version": 0,
          "attributes": {
            "condition": [],
            "etag": "BwX0fYFrN6E=",
            "id": "finance-development-375914/roles/storage.objectAdmin",
            "members": [
              "serviceAccount:bucket@finance-development-375914.iam.gserviceaccount.com"
            ],
            "project": "finance-development-375914",
            "role": "roles/storage.objectAdmin"
          },
          "sensitive_attributes": [],
          "private": "bnVsbA==",
          "dependencies": [
            "module.finance.module.state_bucket.google_service_account.bucket"
          ]
        }
      ]
    },
    {
      "module": "module.finance.module.workload_identity_federation",
      "mode": "data",
      "type": "github_repository",
      "name": "repo",
      "provider": "provider[\"registry.terraform.io/integrations/github\"]",
      "instances": [
        {
          "schema_version": 0,
          "attributes": {
            "allow_auto_merge": false,
            "allow_merge_commit": false,
            "allow_rebase_merge": false,
            "allow_squash_merge": false,
            "archived": false,
            "default_branch": "main",
            "description": "LifeMastery is a suite of applications which aim to help with optimization and organization of yourself.",
            "full_name": "clemenscodes/lifemastery",
            "git_clone_url": "git://github.com/clemenscodes/lifemastery.git",
            "has_discussions": false,
            "has_downloads": true,
            "has_issues": true,
            "has_projects": true,
            "has_wiki": true,
            "homepage_url": "https://lifemastery.tech",
            "html_url": "https://github.com/clemenscodes/lifemastery",
            "http_clone_url": "https://github.com/clemenscodes/lifemastery.git",
            "id": "lifemastery",
            "is_template": false,
            "merge_commit_message": "",
            "merge_commit_title": "",
            "name": "lifemastery",
            "node_id": "R_kgDOI3iuVQ",
            "pages": [],
            "private": false,
            "repo_id": 595111509,
            "squash_merge_commit_message": "",
            "squash_merge_commit_title": "",
            "ssh_clone_url": "git@github.com:clemenscodes/lifemastery.git",
            "svn_url": "https://github.com/clemenscodes/lifemastery",
            "template": [
              {
                "owner": "clemenscodes",
                "repository": "universal-app-template"
              }
            ],
            "topics": [
              "nextjs",
              "nx",
              "react-native",
              "tailwindcss"
            ],
            "visibility": "public"
          },
          "sensitive_attributes": []
        }
      ]
    },
    {
      "module": "module.finance.module.workload_identity_federation",
      "mode": "data",
      "type": "google_organization",
      "name": "org",
      "provider": "provider[\"registry.terraform.io/hashicorp/google\"]",
      "instances": [
        {
          "schema_version": 0,
          "attributes": {
            "create_time": "2023-01-26T13:14:36.065Z",
            "directory_customer_id": "C047l1o9p",
            "domain": "lifemastery.tech",
            "id": "organizations/38836120782",
            "lifecycle_state": "ACTIVE",
            "name": "organizations/38836120782",
            "org_id": "38836120782",
            "organization": null
          },
          "sensitive_attributes": []
        }
      ]
    },
    {
      "module": "module.finance.module.workload_identity_federation",
      "mode": "managed",
      "type": "google_folder",
      "name": "default",
      "provider": "provider[\"registry.terraform.io/hashicorp/google\"]",
      "instances": [
        {
          "schema_version": 0,
          "attributes": {
            "create_time": "2023-01-26T14:08:18.906Z",
            "display_name": "landing",
            "folder_id": "64134522797",
            "id": "folders/64134522797",
            "lifecycle_state": "ACTIVE",
            "name": "folders/64134522797",
            "parent": "organizations/38836120782",
            "timeouts": {
              "create": null,
              "delete": null,
              "read": null,
              "update": null
            }
          },
          "sensitive_attributes": [],
          "private": "eyJlMmJmYjczMC1lY2FhLTExZTYtOGY4OC0zNDM2M2JjN2M0YzAiOnsiY3JlYXRlIjoyNDAwMDAwMDAwMDAsImRlbGV0ZSI6MjQwMDAwMDAwMDAwLCJyZWFkIjoyNDAwMDAwMDAwMDAsInVwZGF0ZSI6MjQwMDAwMDAwMDAwfSwic2NoZW1hX3ZlcnNpb24iOiIwIn0=",
          "dependencies": [
            "module.finance.module.workload_identity_federation.data.google_organization.org"
          ]
        }
      ]
    },
    {
      "module": "module.finance.module.workload_identity_federation",
      "mode": "managed",
      "type": "google_iam_workload_identity_pool",
      "name": "pool",
      "provider": "provider[\"registry.terraform.io/hashicorp/google\"]",
      "instances": [
        {
          "schema_version": 0,
          "attributes": {
            "description": "",
            "disabled": false,
            "display_name": "Workload Identity Pool",
            "id": "projects/219710367033/locations/global/workloadIdentityPools/workload-identity-pool-gh",
            "name": "projects/219710367033/locations/global/workloadIdentityPools/workload-identity-pool-gh",
            "project": "219710367033",
            "state": "ACTIVE",
            "timeouts": {
              "create": null,
              "delete": null,
              "update": null
            },
            "workload_identity_pool_id": "workload-identity-pool-gh"
          },
          "sensitive_attributes": [],
          "private": "eyJlMmJmYjczMC1lY2FhLTExZTYtOGY4OC0zNDM2M2JjN2M0YzAiOnsiY3JlYXRlIjoxMjAwMDAwMDAwMDAwLCJkZWxldGUiOjEyMDAwMDAwMDAwMDAsInVwZGF0ZSI6MTIwMDAwMDAwMDAwMH0sInNjaGVtYV92ZXJzaW9uIjoiMCJ9",
          "dependencies": [
            "module.finance.module.workload_identity_federation.data.google_organization.org",
            "module.finance.module.workload_identity_federation.google_folder.default",
            "module.finance.module.workload_identity_federation.google_project.default"
          ]
        }
      ]
    },
    {
      "module": "module.finance.module.workload_identity_federation",
      "mode": "managed",
      "type": "google_iam_workload_identity_pool_provider",
      "name": "github",
      "provider": "provider[\"registry.terraform.io/hashicorp/google\"]",
      "instances": [
        {
          "schema_version": 0,
          "attributes": {
            "attribute_condition": "",
            "attribute_mapping": {
              "attribute.actor": "assertion.actor",
              "attribute.repository": "assertion.repository",
              "attribute.repository_owner": "assertion.repository_owner",
              "google.subject": "assertion.sub"
            },
            "aws": [],
            "description": "",
            "disabled": false,
            "display_name": "",
            "id": "projects/219710367033/locations/global/workloadIdentityPools/workload-identity-pool-gh/providers/github",
            "name": "projects/219710367033/locations/global/workloadIdentityPools/workload-identity-pool-gh/providers/github",
            "oidc": [
              {
                "allowed_audiences": [],
                "issuer_uri": "https://token.actions.githubusercontent.com"
              }
            ],
            "project": "219710367033",
            "state": "ACTIVE",
            "timeouts": {
              "create": null,
              "delete": null,
              "update": null
            },
            "workload_identity_pool_id": "workload-identity-pool-gh",
            "workload_identity_pool_provider_id": "github"
          },
          "sensitive_attributes": [],
          "private": "eyJlMmJmYjczMC1lY2FhLTExZTYtOGY4OC0zNDM2M2JjN2M0YzAiOnsiY3JlYXRlIjoxMjAwMDAwMDAwMDAwLCJkZWxldGUiOjEyMDAwMDAwMDAwMDAsInVwZGF0ZSI6MTIwMDAwMDAwMDAwMH0sInNjaGVtYV92ZXJzaW9uIjoiMCJ9",
          "dependencies": [
            "module.finance.module.workload_identity_federation.data.google_organization.org",
            "module.finance.module.workload_identity_federation.google_folder.default",
            "module.finance.module.workload_identity_federation.google_iam_workload_identity_pool.pool",
            "module.finance.module.workload_identity_federation.google_project.default"
          ]
        }
      ]
    },
    {
      "module": "module.finance.module.workload_identity_federation",
      "mode": "managed",
      "type": "google_project",
      "name": "default",
      "provider": "provider[\"registry.terraform.io/hashicorp/google\"]",
      "instances": [
        {
          "schema_version": 1,
          "attributes": {
            "auto_create_network": true,
            "billing_account": "01D0FC-03F662-69E484",
            "folder_id": "64134522797",
            "id": "projects/landing-production-375914",
            "labels": {
              "firebase": "enabled"
            },
            "name": "landing-production",
            "number": "219710367033",
            "org_id": "",
            "project_id": "landing-production-375914",
            "skip_delete": null,
            "timeouts": {
              "create": null,
              "delete": null,
              "read": null,
              "update": null
            }
          },
          "sensitive_attributes": [],
          "private": "eyJlMmJmYjczMC1lY2FhLTExZTYtOGY4OC0zNDM2M2JjN2M0YzAiOnsiY3JlYXRlIjo2MDAwMDAwMDAwMDAsImRlbGV0ZSI6NjAwMDAwMDAwMDAwLCJyZWFkIjo2MDAwMDAwMDAwMDAsInVwZGF0ZSI6NjAwMDAwMDAwMDAwfSwic2NoZW1hX3ZlcnNpb24iOiIxIn0=",
          "dependencies": [
            "module.finance.module.workload_identity_federation.data.google_organization.org",
            "module.finance.module.workload_identity_federation.google_folder.default"
          ]
        }
      ]
    },
    {
      "module": "module.finance.module.workload_identity_federation",
      "mode": "managed",
      "type": "google_service_account",
      "name": "gh_actions",
      "provider": "provider[\"registry.terraform.io/hashicorp/google\"]",
      "instances": [
        {
          "schema_version": 0,
          "attributes": {
            "account_id": "gh-actions",
            "description": "",
            "disabled": false,
            "display_name": "",
            "email": "gh-actions@landing-production-375914.iam.gserviceaccount.com",
            "id": "projects/landing-production-375914/serviceAccounts/gh-actions@landing-production-375914.iam.gserviceaccount.com",
            "member": "serviceAccount:gh-actions@landing-production-375914.iam.gserviceaccount.com",
            "name": "projects/landing-production-375914/serviceAccounts/gh-actions@landing-production-375914.iam.gserviceaccount.com",
            "project": "landing-production-375914",
            "timeouts": {
              "create": null
            },
            "unique_id": "113327687802034501883"
          },
          "sensitive_attributes": [],
          "private": "eyJlMmJmYjczMC1lY2FhLTExZTYtOGY4OC0zNDM2M2JjN2M0YzAiOnsiY3JlYXRlIjozMDAwMDAwMDAwMDB9LCJzY2hlbWFfdmVyc2lvbiI6IjAifQ==",
          "dependencies": [
            "module.finance.module.workload_identity_federation.data.google_organization.org",
            "module.finance.module.workload_identity_federation.google_folder.default",
            "module.finance.module.workload_identity_federation.google_project.default"
          ]
        }
      ]
    },
    {
      "module": "module.finance.module.workload_identity_federation",
      "mode": "managed",
      "type": "google_service_account_iam_binding",
      "name": "gh_actions_policy",
      "provider": "provider[\"registry.terraform.io/hashicorp/google\"]",
      "instances": [
        {
          "schema_version": 0,
          "attributes": {
            "condition": [],
            "etag": "BwX0aT9QVR0=",
            "id": "projects/landing-production-375914/serviceAccounts/gh-actions@landing-production-375914.iam.gserviceaccount.com/roles/iam.workloadIdentityUser",
            "members": [
              "principalSet://iam.googleapis.com/projects/219710367033/locations/global/workloadIdentityPools/workload-identity-pool-gh/attribute.repository/clemenscodes/lifemastery"
            ],
            "role": "roles/iam.workloadIdentityUser",
            "service_account_id": "projects/landing-production-375914/serviceAccounts/gh-actions@landing-production-375914.iam.gserviceaccount.com"
          },
          "sensitive_attributes": [],
          "private": "bnVsbA==",
          "dependencies": [
            "module.finance.module.workload_identity_federation.data.github_repository.repo",
            "module.finance.module.workload_identity_federation.data.google_organization.org",
            "module.finance.module.workload_identity_federation.google_folder.default",
            "module.finance.module.workload_identity_federation.google_iam_workload_identity_pool.pool",
            "module.finance.module.workload_identity_federation.google_project.default",
            "module.finance.module.workload_identity_federation.google_service_account.gh_actions"
          ]
        }
      ]
    }
  ],
  "check_results": null
}
